Microsoft Visual Studio Solution File, Format Version 12.00
# Visual Studio Version 17
VisualStudioVersion = 17.5.2.0
MinimumVisualStudioVersion = 10.0.40219.1
Project("{FAE04EC0-301F-11D3-BF4B-00C04F79EFBC}") = "PricingApi", "backend\PricingApi.csproj", "{E81F2FCD-4296-AD33-A3F1-F19160370FD3}"
EndProject
Global
	GlobalSection(SolutionConfigurationPlatforms) = preSolution
		Debug|Any CPU = Debug|Any CPU
		Release|Any CPU = Release|Any CPU
	EndGlobalSection
	GlobalSection(ProjectConfigurationPlatforms) = postSolution
		{E81F2FCD-4296-AD33-A3F1-F19160370FD3}.Debug|Any CPU.ActiveCfg = Debug|Any CPU
		{E81F2FCD-4296-AD33-A3F1-F19160370FD3}.Debug|Any CPU.Build.0 = Debug|Any CPU
		{E81F2FCD-4296-AD33-A3F1-F19160370FD3}.Release|Any CPU.ActiveCfg = Release|Any CPU
		{E81F2FCD-4296-AD33-A3F1-F19160370FD3}.Release|Any CPU.Build.0 = Release|Any CPU
	EndGlobalSection
	GlobalSection(SolutionProperties) = preSolution
		HideSolutionNode = FALSE
	EndGlobalSection
	GlobalSection(ExtensibilityGlobals) = postSolution
		SolutionGuid = {AB096EC7-B7ED-4C15-ABCD-2C1E1418671B}
	EndGlobalSection
EndGlobal
