
Microsoft Visual Studio Solution File, Format Version 12.00
# Visual Studio Version 17
VisualStudioVersion = 17.13.35931.197
MinimumVisualStudioVersion = 10.0.40219.1
Project("{FAE04EC0-301F-11D3-BF4B-00C04F79EFBC}") = "PricingApi", "PricingApi\PricingApi.csproj", "{700E8CB1-40C5-4E29-A3E7-111ED7EECB3A}"
EndProject
Global
	GlobalSection(SolutionConfigurationPlatforms) = preSolution
		Debug|Any CPU = Debug|Any CPU
		Release|Any CPU = Release|Any CPU
	EndGlobalSection
	GlobalSection(ProjectConfigurationPlatforms) = postSolution
		{700E8CB1-40C5-4E29-A3E7-111ED7EECB3A}.Debug|Any CPU.ActiveCfg = Debug|Any CPU
		{700E8CB1-40C5-4E29-A3E7-111ED7EECB3A}.Debug|Any CPU.Build.0 = Debug|Any CPU
		{700E8CB1-40C5-4E29-A3E7-111ED7EECB3A}.Release|Any CPU.ActiveCfg = Release|Any CPU
		{700E8CB1-40C5-4E29-A3E7-111ED7EECB3A}.Release|Any CPU.Build.0 = Release|Any CPU
	EndGlobalSection
	GlobalSection(SolutionProperties) = preSolution
		HideSolutionNode = FALSE
	EndGlobalSection
	GlobalSection(ExtensibilityGlobals) = postSolution
		SolutionGuid = {ADD34A75-F53A-4E69-8ABE-CA44AE660125}
	EndGlobalSection
EndGlobal
